
Microsoft Visual Studio Solution File, Format Version 12.00
# Visual Studio Version 16
VisualStudioVersion = 16.0.29709.97
MinimumVisualStudioVersion = 10.0.40219.1
Project("{FAE04EC0-301F-11D3-BF4B-00C04F79EFBC}") = "App2-3", "App2-3\App2-3.csproj", "{0460A91A-EBFE-4EB8-9DD2-8476D49BCFE4}"
EndProject
Global
	GlobalSection(SolutionConfigurationPlatforms) = preSolution
		Debug|Any CPU = Debug|Any CPU
		Release|Any CPU = Release|Any CPU
	EndGlobalSection
	GlobalSection(ProjectConfigurationPlatforms) = postSolution
		{0460A91A-EBFE-4EB8-9DD2-8476D49BCFE4}.Debug|Any CPU.ActiveCfg = Debug|Any CPU
		{0460A91A-EBFE-4EB8-9DD2-8476D49BCFE4}.Debug|Any CPU.Build.0 = Debug|Any CPU
		{0460A91A-EBFE-4EB8-9DD2-8476D49BCFE4}.Release|Any CPU.ActiveCfg = Release|Any CPU
		{0460A91A-EBFE-4EB8-9DD2-8476D49BCFE4}.Release|Any CPU.Build.0 = Release|Any CPU
	EndGlobalSection
	GlobalSection(SolutionProperties) = preSolution
		HideSolutionNode = FALSE
	EndGlobalSection
	GlobalSection(ExtensibilityGlobals) = postSolution
		SolutionGuid = {0C3002BD-CF9A-44E5-8005-7FC57F340535}
	EndGlobalSection
EndGlobal
